{
  "name": "typescript-tutorial",
  "version": "1.0.0",
  "lockfileVersion": 2,
  "requires": true,
  "packages": {
    "": {
      "version": "1.0.0",
      "license": "ISC",
      "dependencies": {
        "@types/selenium-webdriver": "^4.0.12"
      }
    },
    "node_modules/@types/selenium-webdriver": {
      "version": "4.0.12",
      "resolved": "https://registry.npmjs.org/@types/selenium-webdriver/-/selenium-webdriver-4.0.12.tgz",
      "integrity": "sha512-0fw09Ocwjbrc3xMqwz1dgDGwslaHZ/TqHu9WQTyNLVsK+3jekz46YvYNFZeglNnULMjMNXAhy7w90327Y9fxGQ=="
    }
  },
  "dependencies": {
    "@types/selenium-webdriver": {
      "version": "4.0.12",
      "resolved": "https://registry.npmjs.org/@types/selenium-webdriver/-/selenium-webdriver-4.0.12.tgz",
      "integrity": "sha512-0fw09Ocwjbrc3xMqwz1dgDGwslaHZ/TqHu9WQTyNLVsK+3jekz46YvYNFZeglNnULMjMNXAhy7w90327Y9fxGQ=="
    }
  }
}
